
Microsoft Visual Studio Solution File, Format Version 12.00
# Visual Studio Version 16
VisualStudioVersion = 16.0.29709.97
MinimumVisualStudioVersion = 10.0.40219.1
Project("{8BC9CEB8-8B4A-11D0-8D11-00A0C91BC942}") = "algo", "algo\algo.vcxproj", "{CF694A48-C95B-43A4-8751-4AA23C37248F}"
EndProject
Global
	GlobalSection(SolutionConfigurationPlatforms) = preSolution
		Debug|x64 = Debug|x64
		Debug|x86 = Debug|x86
		Release|x64 = Release|x64
		Release|x86 = Release|x86
	EndGlobalSection
	GlobalSection(ProjectConfigurationPlatforms) = postSolution
		{CF694A48-C95B-43A4-8751-4AA23C37248F}.Debug|x64.ActiveCfg = Debug|x64
		{CF694A48-C95B-43A4-8751-4AA23C37248F}.Debug|x64.Build.0 = Debug|x64
		{CF694A48-C95B-43A4-8751-4AA23C37248F}.Debug|x86.ActiveCfg = Debug|Win32
		{CF694A48-C95B-43A4-8751-4AA23C37248F}.Debug|x86.Build.0 = Debug|Win32
		{CF694A48-C95B-43A4-8751-4AA23C37248F}.Release|x64.ActiveCfg = Release|x64
		{CF694A48-C95B-43A4-8751-4AA23C37248F}.Release|x64.Build.0 = Release|x64
		{CF694A48-C95B-43A4-8751-4AA23C37248F}.Release|x86.ActiveCfg = Release|Win32
		{CF694A48-C95B-43A4-8751-4AA23C37248F}.Release|x86.Build.0 = Release|Win32
	EndGlobalSection
	GlobalSection(SolutionProperties) = preSolution
		HideSolutionNode = FALSE
	EndGlobalSection
	GlobalSection(ExtensibilityGlobals) = postSolution
		SolutionGuid = {05E0FE8D-D7AF-4779-99B5-3D45AF49BD00}
	EndGlobalSection
EndGlobal
